
Microsoft Visual Studio Solution File, Format Version 12.00
# Visual Studio Version 16
VisualStudioVersion = 16.0.30413.136
MinimumVisualStudioVersion = 10.0.40219.1
Project("{FAE04EC0-301F-11D3-BF4B-00C04F79EFBC}") = "MechaArchivesPlus", "MechaArchives\MechaArchivesPlus.csproj", "{3DA95E32-5466-4D50-AF75-008A07905846}"
EndProject
Global
	GlobalSection(SolutionConfigurationPlatforms) = preSolution
		Debug|Any CPU = Debug|Any CPU
		Release|Any CPU = Release|Any CPU
	EndGlobalSection
	GlobalSection(ProjectConfigurationPlatforms) = postSolution
		{3DA95E32-5466-4D50-AF75-008A07905846}.Debug|Any CPU.ActiveCfg = Debug|Any CPU
		{3DA95E32-5466-4D50-AF75-008A07905846}.Debug|Any CPU.Build.0 = Debug|Any CPU
		{3DA95E32-5466-4D50-AF75-008A07905846}.Release|Any CPU.ActiveCfg = Release|Any CPU
	EndGlobalSection
	GlobalSection(SolutionProperties) = preSolution
		HideSolutionNode = FALSE
	EndGlobalSection
	GlobalSection(ExtensibilityGlobals) = postSolution
		SolutionGuid = {A5E8EE8A-92A8-4BF2-8384-C6CD8C676F87}
	EndGlobalSection
EndGlobal
